// !$*UTF8*$!
{
	archiveVersion = 1;
	classes = {
	};
	objectVersion = 46;
	objects = {

/* Begin PBXBuildFile section */
		4B9F4565ED9BAFA8B4248B55 /* libPods-JingDianTongYouKe.a in Frameworks */ = {isa = PBXBuildFile; fileRef = 0262812812DB2C20EF25B76B /* libPods-JingDianTongYouKe.a */; };
		903C910A1D3000F5000EAF08 /* main.m in Sources */ = {isa = PBXBuildFile; fileRef = 903C91091D3000F5000EAF08 /* main.m */; };
		903C910D1D3000F5000EAF08 /* AppDelegate.m in Sources */ = {isa = PBXBuildFile; fileRef = 903C910C1D3000F5000EAF08 /* AppDelegate.m */; };
		903C91101D3000F5000EAF08 /* ViewController.m in Sources */ = {isa = PBXBuildFile; fileRef = 903C910F1D3000F5000EAF08 /* ViewController.m */; };
		903C91151D3000F5000EAF08 /* Assets.xcassets in Resources */ = {isa = PBXBuildFile; fileRef = 903C91141D3000F5000EAF08 /* Assets.xcassets */; };
		903C91181D3000F5000EAF08 /* LaunchScreen.storyboard in Resources */ = {isa = PBXBuildFile; fileRef = 903C91161D3000F5000EAF08 /* LaunchScreen.storyboard */; };
		90443E9D1D585464005D91CE /* HTPlayer.m in Sources */ = {isa = PBXBuildFile; fileRef = 90443E9C1D585464005D91CE /* HTPlayer.m */; };
		904B5B431DD024FF00C01D8A /* ViewController.xib in Resources */ = {isa = PBXBuildFile; fileRef = 904B5B421DD024FF00C01D8A /* ViewController.xib */; };
		904B5B461DD03F9D00C01D8A /* Main.storyboard in Resources */ = {isa = PBXBuildFile; fileRef = 904B5B441DD03F9D00C01D8A /* Main.storyboard */; };
		9054B1F61DD31CA600D30E17 /* HTShowStatusView.m in Sources */ = {isa = PBXBuildFile; fileRef = 9054B1F51DD31CA600D30E17 /* HTShowStatusView.m */; };
		909BD1361DC71F01005F540D /* libstdc++.tbd in Frameworks */ = {isa = PBXBuildFile; fileRef = 909BD1351DC71F01005F540D /* libstdc++.tbd */; };
		909BD1381DC71F48005F540D /* AVFoundation.framework in Frameworks */ = {isa = PBXBuildFile; fileRef = 909BD1371DC71F48005F540D /* AVFoundation.framework */; };
		909BD13A1DC71F4F005F540D /* AudioToolbox.framework in Frameworks */ = {isa = PBXBuildFile; fileRef = 909BD1391DC71F4F005F540D /* AudioToolbox.framework */; };
		909BD13C1DC71F55005F540D /* CoreAudio.framework in Frameworks */ = {isa = PBXBuildFile; fileRef = 909BD13B1DC71F55005F540D /* CoreAudio.framework */; };
		909FF84E1DCC4965004C1F2C /* HTSpeexCodec.m in Sources */ = {isa = PBXBuildFile; fileRef = 909FF84A1DCC4965004C1F2C /* HTSpeexCodec.m */; };
		909FF8C41DCC49EE004C1F2C /* bitwise.c in Sources */ = {isa = PBXBuildFile; fileRef = 909FF8531DCC49EE004C1F2C /* bitwise.c */; };
		909FF8C51DCC49EF004C1F2C /* framing.c in Sources */ = {isa = PBXBuildFile; fileRef = 909FF8541DCC49EE004C1F2C /* framing.c */; };
		909FF8C61DCC49EF004C1F2C /* bits.c in Sources */ = {isa = PBXBuildFile; fileRef = 909FF85B1DCC49EE004C1F2C /* bits.c */; };
		909FF8C71DCC49EF004C1F2C /* buffer.c in Sources */ = {isa = PBXBuildFile; fileRef = 909FF85C1DCC49EE004C1F2C /* buffer.c */; };
		909FF8C81DCC49EF004C1F2C /* cb_search.c in Sources */ = {isa = PBXBuildFile; fileRef = 909FF85D1DCC49EE004C1F2C /* cb_search.c */; };
		909FF8CA1DCC49EF004C1F2C /* exc_10_16_table.c in Sources */ = {isa = PBXBuildFile; fileRef = 909FF8631DCC49EE004C1F2C /* exc_10_16_table.c */; };
		909FF8CB1DCC49EF004C1F2C /* exc_10_32_table.c in Sources */ = {isa = PBXBuildFile; fileRef = 909FF8641DCC49EE004C1F2C /* exc_10_32_table.c */; };
		909FF8CC1DCC49EF004C1F2C /* exc_20_32_table.c in Sources */ = {isa = PBXBuildFile; fileRef = 909FF8651DCC49EE004C1F2C /* exc_20_32_table.c */; };
		909FF8CD1DCC49EF004C1F2C /* exc_5_256_table.c in Sources */ = {isa = PBXBuildFile; fileRef = 909FF8661DCC49EE004C1F2C /* exc_5_256_table.c */; };
		909FF8CE1DCC49EF004C1F2C /* exc_5_64_table.c in Sources */ = {isa = PBXBuildFile; fileRef = 909FF8671DCC49EE004C1F2C /* exc_5_64_table.c */; };
		909FF8CF1DCC49EF004C1F2C /* exc_8_128_table.c in Sources */ = {isa = PBXBuildFile; fileRef = 909FF8681DCC49EE004C1F2C /* exc_8_128_table.c */; };
		909FF8D01DCC49EF004C1F2C /* fftwrap.c in Sources */ = {isa = PBXBuildFile; fileRef = 909FF8691DCC49EE004C1F2C /* fftwrap.c */; };
		909FF8D11DCC49EF004C1F2C /* filterbank.c in Sources */ = {isa = PBXBuildFile; fileRef = 909FF86B1DCC49EE004C1F2C /* filterbank.c */; };
		909FF8D21DCC49EF004C1F2C /* filters.c in Sources */ = {isa = PBXBuildFile; fileRef = 909FF86D1DCC49EE004C1F2C /* filters.c */; };
		909FF8D31DCC49EF004C1F2C /* gain_table.c in Sources */ = {isa = PBXBuildFile; fileRef = 909FF8771DCC49EE004C1F2C /* gain_table.c */; };
		909FF8D41DCC49EF004C1F2C /* gain_table_lbr.c in Sources */ = {isa = PBXBuildFile; fileRef = 909FF8781DCC49EE004C1F2C /* gain_table_lbr.c */; };
		909FF8D51DCC49EF004C1F2C /* hexc_10_32_table.c in Sources */ = {isa = PBXBuildFile; fileRef = 909FF8791DCC49EE004C1F2C /* hexc_10_32_table.c */; };
		909FF8D61DCC49EF004C1F2C /* hexc_table.c in Sources */ = {isa = PBXBuildFile; fileRef = 909FF87A1DCC49EE004C1F2C /* hexc_table.c */; };
		909FF8D71DCC49EF004C1F2C /* high_lsp_tables.c in Sources */ = {isa = PBXBuildFile; fileRef = 909FF87B1DCC49EE004C1F2C /* high_lsp_tables.c */; };
		909FF8D81DCC49EF004C1F2C /* jitter.c in Sources */ = {isa = PBXBuildFile; fileRef = 909FF87C1DCC49EE004C1F2C /* jitter.c */; };
		909FF8D91DCC49EF004C1F2C /* kiss_fft.c in Sources */ = {isa = PBXBuildFile; fileRef = 909FF87D1DCC49EE004C1F2C /* kiss_fft.c */; };
		909FF8DA1DCC49EF004C1F2C /* kiss_fftr.c in Sources */ = {isa = PBXBuildFile; fileRef = 909FF87F1DCC49EE004C1F2C /* kiss_fftr.c */; };
		909FF8DB1DCC49EF004C1F2C /* lpc.c in Sources */ = {isa = PBXBuildFile; fileRef = 909FF8811DCC49EE004C1F2C /* lpc.c */; };
		909FF8DC1DCC49EF004C1F2C /* lsp.c in Sources */ = {isa = PBXBuildFile; fileRef = 909FF8841DCC49EE004C1F2C /* lsp.c */; };
		909FF8DD1DCC49EF004C1F2C /* lsp_tables_nb.c in Sources */ = {isa = PBXBuildFile; fileRef = 909FF8871DCC49EE004C1F2C /* lsp_tables_nb.c */; };
		909FF8DE1DCC49EF004C1F2C /* ltp.c in Sources */ = {isa = PBXBuildFile; fileRef = 909FF8881DCC49EE004C1F2C /* ltp.c */; };
		909FF8DF1DCC49EF004C1F2C /* mdf.c in Sources */ = {isa = PBXBuildFile; fileRef = 909FF88E1DCC49EE004C1F2C /* mdf.c */; };
		909FF8E01DCC49EF004C1F2C /* modes.c in Sources */ = {isa = PBXBuildFile; fileRef = 909FF8901DCC49EE004C1F2C /* modes.c */; };
		909FF8E11DCC49EF004C1F2C /* modes_wb.c in Sources */ = {isa = PBXBuildFile; fileRef = 909FF8921DCC49EE004C1F2C /* modes_wb.c */; };
		909FF8E21DCC49EF004C1F2C /* nb_celp.c in Sources */ = {isa = PBXBuildFile; fileRef = 909FF8931DCC49EE004C1F2C /* nb_celp.c */; };
		909FF8E31DCC49EF004C1F2C /* preprocess.c in Sources */ = {isa = PBXBuildFile; fileRef = 909FF8961DCC49EE004C1F2C /* preprocess.c */; };
		909FF8E41DCC49EF004C1F2C /* quant_lsp.c in Sources */ = {isa = PBXBuildFile; fileRef = 909FF8981DCC49EE004C1F2C /* quant_lsp.c */; };
		909FF8E51DCC49EF004C1F2C /* resample.c in Sources */ = {isa = PBXBuildFile; fileRef = 909FF89B1DCC49EE004C1F2C /* resample.c */; };
		909FF8E61DCC49EF004C1F2C /* sb_celp.c in Sources */ = {isa = PBXBuildFile; fileRef = 909FF89D1DCC49EE004C1F2C /* sb_celp.c */; };
		909FF8E71DCC49EF004C1F2C /* scal.c in Sources */ = {isa = PBXBuildFile; fileRef = 909FF89F1DCC49EE004C1F2C /* scal.c */; };
		909FF8E81DCC49EF004C1F2C /* smallft.c in Sources */ = {isa = PBXBuildFile; fileRef = 909FF8A01DCC49EE004C1F2C /* smallft.c */; };
		909FF8E91DCC49EF004C1F2C /* speex_config_types.h.in in Resources */ = {isa = PBXBuildFile; fileRef = 909FF8A81DCC49EE004C1F2C /* speex_config_types.h.in */; };
		909FF8EA1DCC49EF004C1F2C /* speex.c in Sources */ = {isa = PBXBuildFile; fileRef = 909FF8B01DCC49EE004C1F2C /* speex.c */; };
		909FF8EB1DCC49EF004C1F2C /* speex_callbacks.c in Sources */ = {isa = PBXBuildFile; fileRef = 909FF8B11DCC49EE004C1F2C /* speex_callbacks.c */; };
		909FF8EC1DCC49EF004C1F2C /* speex_header.c in Sources */ = {isa = PBXBuildFile; fileRef = 909FF8B21DCC49EE004C1F2C /* speex_header.c */; };
		909FF8ED1DCC49EF004C1F2C /* stereo.c in Sources */ = {isa = PBXBuildFile; fileRef = 909FF8B41DCC49EE004C1F2C /* stereo.c */; };
		909FF8F41DCC49EF004C1F2C /* vbr.c in Sources */ = {isa = PBXBuildFile; fileRef = 909FF8BB1DCC49EE004C1F2C /* vbr.c */; };
		909FF8F51DCC49EF004C1F2C /* vq.c in Sources */ = {isa = PBXBuildFile; fileRef = 909FF8BE1DCC49EE004C1F2C /* vq.c */; };
		909FF8F61DCC49EF004C1F2C /* window.c in Sources */ = {isa = PBXBuildFile; fileRef = 909FF8C31DCC49EE004C1F2C /* window.c */; };
		909FFA4F1DCC525D004C1F2C /* HTThreadSafetyArray.m in Sources */ = {isa = PBXBuildFile; fileRef = 909FFA4E1DCC525D004C1F2C /* HTThreadSafetyArray.m */; };
		90A907DF1DD419C700B1B733 /* HTEchoCanceller.m in Sources */ = {isa = PBXBuildFile; fileRef = 90A907DE1DD419C700B1B733 /* HTEchoCanceller.m */; };
/* End PBXBuildFile section */

/* Begin PBXFileReference section */
		0262812812DB2C20EF25B76B /* libPods-JingDianTongYouKe.a */ = {isa = PBXFileReference; explicitFileType = archive.ar; includeInIndex = 0; path = "libPods-JingDianTongYouKe.a"; sourceTree = BUILT_PRODUCTS_DIR; };
		0AE511E3A80B9A7C88DFC4C6 /* Pods-JingDianTongYouKe.debug.xcconfig */ = {isa = PBXFileReference; includeInIndex = 1; lastKnownFileType = text.xcconfig; name = "Pods-JingDianTongYouKe.debug.xcconfig"; path = "Pods/Target Support Files/Pods-JingDianTongYouKe/Pods-JingDianTongYouKe.debug.xcconfig"; sourceTree = "<group>"; };
		903C91051D3000F5000EAF08 /* JingDianTongYouKe.app */ = {isa = PBXFileReference; explicitFileType = wrapper.application; includeInIndex = 0; path = JingDianTongYouKe.app; sourceTree = BUILT_PRODUCTS_DIR; };
		903C91091D3000F5000EAF08 /* main.m */ = {isa = PBXFileReference; lastKnownFileType = sourcecode.c.objc; path = main.m; sourceTree = "<group>"; };
		903C910B1D3000F5000EAF08 /* AppDelegate.h */ = {isa = PBXFileReference; lastKnownFileType = sourcecode.c.h; path = AppDelegate.h; sourceTree = "<group>"; };
		903C910C1D3000F5000EAF08 /* AppDelegate.m */ = {isa = PBXFileReference; lastKnownFileType = sourcecode.c.objc; path = AppDelegate.m; sourceTree = "<group>"; };
		903C910E1D3000F5000EAF08 /* ViewController.h */ = {isa = PBXFileReference; lastKnownFileType = sourcecode.c.h; path = ViewController.h; sourceTree = "<group>"; };
		903C910F1D3000F5000EAF08 /* ViewController.m */ = {isa = PBXFileReference; lastKnownFileType = sourcecode.c.objc; path = ViewController.m; sourceTree = "<group>"; };
		903C91141D3000F5000EAF08 /* Assets.xcassets */ = {isa = PBXFileReference; lastKnownFileType = folder.assetcatalog; path = Assets.xcassets; sourceTree = "<group>"; };
		903C91171D3000F5000EAF08 /* Base */ = {isa = PBXFileReference; lastKnownFileType = file.storyboard; name = Base; path = Base.lproj/LaunchScreen.storyboard; sourceTree = "<group>"; };
		903C91191D3000F5000EAF08 /* Info.plist */ = {isa = PBXFileReference; lastKnownFileType = text.plist.xml; path = Info.plist; sourceTree = "<group>"; };
		90443E9B1D585464005D91CE /* HTPlayer.h */ = {isa = PBXFileReference; fileEncoding = 4; lastKnownFileType = sourcecode.c.h; path = HTPlayer.h; sourceTree = "<group>"; };
		90443E9C1D585464005D91CE /* HTPlayer.m */ = {isa = PBXFileReference; fileEncoding = 4; lastKnownFileType = sourcecode.c.objc; path = HTPlayer.m; sourceTree = "<group>"; };
		904B5B421DD024FF00C01D8A /* ViewController.xib */ = {isa = PBXFileReference; fileEncoding = 4; lastKnownFileType = file.xib; path = ViewController.xib; sourceTree = "<group>"; };
		904B5B451DD03F9D00C01D8A /* Base */ = {isa = PBXFileReference; lastKnownFileType = file.storyboard; name = Base; path = Base.lproj/Main.storyboard; sourceTree = "<group>"; };
		9054B1F41DD31CA600D30E17 /* HTShowStatusView.h */ = {isa = PBXFileReference; fileEncoding = 4; lastKnownFileType = sourcecode.c.h; path = HTShowStatusView.h; sourceTree = "<group>"; };
		9054B1F51DD31CA600D30E17 /* HTShowStatusView.m */ = {isa = PBXFileReference; fileEncoding = 4; lastKnownFileType = sourcecode.c.objc; path = HTShowStatusView.m; sourceTree = "<group>"; };
		909BD1301DC71B8A005F540D /* OggSpeex-Prefix.pch */ = {isa = PBXFileReference; lastKnownFileType = sourcecode.c.h; path = "OggSpeex-Prefix.pch"; sourceTree = "<group>"; };
		909BD1351DC71F01005F540D /* libstdc++.tbd */ = {isa = PBXFileReference; lastKnownFileType = "sourcecode.text-based-dylib-definition"; name = "libstdc++.tbd"; path = "usr/lib/libstdc++.tbd"; sourceTree = SDKROOT; };
		909BD1371DC71F48005F540D /* AVFoundation.framework */ = {isa = PBXFileReference; lastKnownFileType = wrapper.framework; name = AVFoundation.framework; path = System/Library/Frameworks/AVFoundation.framework; sourceTree = SDKROOT; };
		909BD1391DC71F4F005F540D /* AudioToolbox.framework */ = {isa = PBXFileReference; lastKnownFileType = wrapper.framework; name = AudioToolbox.framework; path = System/Library/Frameworks/AudioToolbox.framework; sourceTree = SDKROOT; };
		909BD13B1DC71F55005F540D /* CoreAudio.framework */ = {isa = PBXFileReference; lastKnownFileType = wrapper.framework; name = CoreAudio.framework; path = System/Library/Frameworks/CoreAudio.framework; sourceTree = SDKROOT; };
		909FF8491DCC4965004C1F2C /* HTSpeexCodec.h */ = {isa = PBXFileReference; fileEncoding = 4; lastKnownFileType = sourcecode.c.h; path = HTSpeexCodec.h; sourceTree = "<group>"; };
		909FF84A1DCC4965004C1F2C /* HTSpeexCodec.m */ = {isa = PBXFileReference; fileEncoding = 4; lastKnownFileType = sourcecode.c.objc; path = HTSpeexCodec.m; sourceTree = "<group>"; };
		909FF84B1DCC4965004C1F2C /* SpeexAllHeaders.h */ = {isa = PBXFileReference; fileEncoding = 4; lastKnownFileType = sourcecode.c.h; path = SpeexAllHeaders.h; sourceTree = "<group>"; };
		909FF8511DCC49EE004C1F2C /* config.h */ = {isa = PBXFileReference; fileEncoding = 4; lastKnownFileType = sourcecode.c.h; path = config.h; sourceTree = "<group>"; };
		909FF8531DCC49EE004C1F2C /* bitwise.c */ = {isa = PBXFileReference; fileEncoding = 4; lastKnownFileType = sourcecode.c.c; path = bitwise.c; sourceTree = "<group>"; };
		909FF8541DCC49EE004C1F2C /* framing.c */ = {isa = PBXFileReference; fileEncoding = 4; lastKnownFileType = sourcecode.c.c; path = framing.c; sourceTree = "<group>"; };
		909FF8561DCC49EE004C1F2C /* ogg.h */ = {isa = PBXFileReference; fileEncoding = 4; lastKnownFileType = sourcecode.c.h; path = ogg.h; sourceTree = "<group>"; };
		909FF8571DCC49EE004C1F2C /* os_types.h */ = {isa = PBXFileReference; fileEncoding = 4; lastKnownFileType = sourcecode.c.h; path = os_types.h; sourceTree = "<group>"; };
		909FF8591DCC49EE004C1F2C /* _kiss_fft_guts.h */ = {isa = PBXFileReference; fileEncoding = 4; lastKnownFileType = sourcecode.c.h; path = _kiss_fft_guts.h; sourceTree = "<group>"; };
		909FF85A1DCC49EE004C1F2C /* arch.h */ = {isa = PBXFileReference; fileEncoding = 4; lastKnownFileType = sourcecode.c.h; path = arch.h; sourceTree = "<group>"; };
		909FF85B1DCC49EE004C1F2C /* bits.c */ = {isa = PBXFileReference; fileEncoding = 4; lastKnownFileType = sourcecode.c.c; path = bits.c; sourceTree = "<group>"; };
		909FF85C1DCC49EE004C1F2C /* buffer.c */ = {isa = PBXFileReference; fileEncoding = 4; lastKnownFileType = sourcecode.c.c; path = buffer.c; sourceTree = "<group>"; };
		909FF85D1DCC49EE004C1F2C /* cb_search.c */ = {isa = PBXFileReference; fileEncoding = 4; lastKnownFileType = sourcecode.c.c; path = cb_search.c; sourceTree = "<group>"; };
		909FF85E1DCC49EE004C1F2C /* cb_search.h */ = {isa = PBXFileReference; fileEncoding = 4; lastKnownFileType = sourcecode.c.h; path = cb_search.h; sourceTree = "<group>"; };
		909FF85F1DCC49EE004C1F2C /* cb_search_arm4.h */ = {isa = PBXFileReference; fileEncoding = 4; lastKnownFileType = sourcecode.c.h; path = cb_search_arm4.h; sourceTree = "<group>"; };
		909FF8601DCC49EE004C1F2C /* cb_search_bfin.h */ = {isa = PBXFileReference; fileEncoding = 4; lastKnownFileType = sourcecode.c.h; path = cb_search_bfin.h; sourceTree = "<group>"; };
		909FF8611DCC49EE004C1F2C /* cb_search_sse.h */ = {isa = PBXFileReference; fileEncoding = 4; lastKnownFileType = sourcecode.c.h; path = cb_search_sse.h; sourceTree = "<group>"; };
		909FF8631DCC49EE004C1F2C /* exc_10_16_table.c */ = {isa = PBXFileReference; fileEncoding = 4; lastKnownFileType = sourcecode.c.c; path = exc_10_16_table.c; sourceTree = "<group>"; };
		909FF8641DCC49EE004C1F2C /* exc_10_32_table.c */ = {isa = PBXFileReference; fileEncoding = 4; lastKnownFileType = sourcecode.c.c; path = exc_10_32_table.c; sourceTree = "<group>"; };
		909FF8651DCC49EE004C1F2C /* exc_20_32_table.c */ = {isa = PBXFileReference; fileEncoding = 4; lastKnownFileType = sourcecode.c.c; path = exc_20_32_table.c; sourceTree = "<group>"; };
		909FF8661DCC49EE004C1F2C /* exc_5_256_table.c */ = {isa = PBXFileReference; fileEncoding = 4; lastKnownFileType = sourcecode.c.c; path = exc_5_256_table.c; sourceTree = "<group>"; };
		909FF8671DCC49EE004C1F2C /* exc_5_64_table.c */ = {isa = PBXFileReference; fileEncoding = 4; lastKnownFileType = sourcecode.c.c; path = exc_5_64_table.c; sourceTree = "<group>"; };
		909FF8681DCC49EE004C1F2C /* exc_8_128_table.c */ = {isa = PBXFileReference; fileEncoding = 4; lastKnownFileType = sourcecode.c.c; path = exc_8_128_table.c; sourceTree = "<group>"; };
		909FF8691DCC49EE004C1F2C /* fftwrap.c */ = {isa = PBXFileReference; fileEncoding = 4; lastKnownFileType = sourcecode.c.c; path = fftwrap.c; sourceTree = "<group>"; };
		909FF86A1DCC49EE004C1F2C /* fftwrap.h */ = {isa = PBXFileReference; fileEncoding = 4; lastKnownFileType = sourcecode.c.h; path = fftwrap.h; sourceTree = "<group>"; };
		909FF86B1DCC49EE004C1F2C /* filterbank.c */ = {isa = PBXFileReference; fileEncoding = 4; lastKnownFileType = sourcecode.c.c; path = filterbank.c; sourceTree = "<group>"; };
		909FF86C1DCC49EE004C1F2C /* filterbank.h */ = {isa = PBXFileReference; fileEncoding = 4; lastKnownFileType = sourcecode.c.h; path = filterbank.h; sourceTree = "<group>"; };
		909FF86D1DCC49EE004C1F2C /* filters.c */ = {isa = PBXFileReference; fileEncoding = 4; lastKnownFileType = sourcecode.c.c; path = filters.c; sourceTree = "<group>"; };
		909FF86E1DCC49EE004C1F2C /* filters.h */ = {isa = PBXFileReference; fileEncoding = 4; lastKnownFileType = sourcecode.c.h; path = filters.h; sourceTree = "<group>"; };
		909FF86F1DCC49EE004C1F2C /* filters_arm4.h */ = {isa = PBXFileReference; fileEncoding = 4; lastKnownFileType = sourcecode.c.h; path = filters_arm4.h; sourceTree = "<group>"; };
		909FF8701DCC49EE004C1F2C /* filters_bfin.h */ = {isa = PBXFileReference; fileEncoding = 4; lastKnownFileType = sourcecode.c.h; path = filters_bfin.h; sourceTree = "<group>"; };
		909FF8711DCC49EE004C1F2C /* filters_sse.h */ = {isa = PBXFileReference; fileEncoding = 4; lastKnownFileType = sourcecode.c.h; path = filters_sse.h; sourceTree = "<group>"; };
		909FF8721DCC49EE004C1F2C /* fixed_arm4.h */ = {isa = PBXFileReference; fileEncoding = 4; lastKnownFileType = sourcecode.c.h; path = fixed_arm4.h; sourceTree = "<group>"; };
		909FF8731DCC49EE004C1F2C /* fixed_arm5e.h */ = {isa = PBXFileReference; fileEncoding = 4; lastKnownFileType = sourcecode.c.h; path = fixed_arm5e.h; sourceTree = "<group>"; };
		909FF8741DCC49EE004C1F2C /* fixed_bfin.h */ = {isa = PBXFileReference; fileEncoding = 4; lastKnownFileType = sourcecode.c.h; path = fixed_bfin.h; sourceTree = "<group>"; };
		909FF8751DCC49EE004C1F2C /* fixed_debug.h */ = {isa = PBXFileReference; fileEncoding = 4; lastKnownFileType = sourcecode.c.h; path = fixed_debug.h; sourceTree = "<group>"; };
		909FF8761DCC49EE004C1F2C /* fixed_generic.h */ = {isa = PBXFileReference; fileEncoding = 4; lastKnownFileType = sourcecode.c.h; path = fixed_generic.h; sourceTree = "<group>"; };
		909FF8771DCC49EE004C1F2C /* gain_table.c */ = {isa = PBXFileReference; fileEncoding = 4; lastKnownFileType = sourcecode.c.c; path = gain_table.c; sourceTree = "<group>"; };
		909FF8781DCC49EE004C1F2C /* gain_table_lbr.c */ = {isa = PBXFileReference; fileEncoding = 4; lastKnownFileType = sourcecode.c.c; path = gain_table_lbr.c; sourceTree = "<group>"; };
		909FF8791DCC49EE004C1F2C /* hexc_10_32_table.c */ = {isa = PBXFileReference; fileEncoding = 4; lastKnownFileType = sourcecode.c.c; path = hexc_10_32_table.c; sourceTree = "<group>"; };
		909FF87A1DCC49EE004C1F2C /* hexc_table.c */ = {isa = PBXFileReference; fileEncoding = 4; lastKnownFileType = sourcecode.c.c; path = hexc_table.c; sourceTree = "<group>"; };
		909FF87B1DCC49EE004C1F2C /* high_lsp_tables.c */ = {isa = PBXFileReference; fileEncoding = 4; lastKnownFileType = sourcecode.c.c; path = high_lsp_tables.c; sourceTree = "<group>"; };
		909FF87C1DCC49EE004C1F2C /* jitter.c */ = {isa = PBXFileReference; fileEncoding = 4; lastKnownFileType = sourcecode.c.c; path = jitter.c; sourceTree = "<group>"; };
		909FF87D1DCC49EE004C1F2C /* kiss_fft.c */ = {isa = PBXFileReference; fileEncoding = 4; lastKnownFileType = sourcecode.c.c; path = kiss_fft.c; sourceTree = "<group>"; };
		909FF87E1DCC49EE004C1F2C /* kiss_fft.h */ = {isa = PBXFileReference; fileEncoding = 4; lastKnownFileType = sourcecode.c.h; path = kiss_fft.h; sourceTree = "<group>"; };
		909FF87F1DCC49EE004C1F2C /* kiss_fftr.c */ = {isa = PBXFileReference; fileEncoding = 4; lastKnownFileType = sourcecode.c.c; path = kiss_fftr.c; sourceTree = "<group>"; };
		909FF8801DCC49EE004C1F2C /* kiss_fftr.h */ = {isa = PBXFileReference; fileEncoding = 4; lastKnownFileType = sourcecode.c.h; path = kiss_fftr.h; sourceTree = "<group>"; };
		909FF8811DCC49EE004C1F2C /* lpc.c */ = {isa = PBXFileReference; fileEncoding = 4; lastKnownFileType = sourcecode.c.c; path = lpc.c; sourceTree = "<group>"; };
		909FF8821DCC49EE004C1F2C /* lpc.h */ = {isa = PBXFileReference; fileEncoding = 4; lastKnownFileType = sourcecode.c.h; path = lpc.h; sourceTree = "<group>"; };
		909FF8831DCC49EE004C1F2C /* lpc_bfin.h */ = {isa = PBXFileReference; fileEncoding = 4; lastKnownFileType = sourcecode.c.h; path = lpc_bfin.h; sourceTree = "<group>"; };
		909FF8841DCC49EE004C1F2C /* lsp.c */ = {isa = PBXFileReference; fileEncoding = 4; lastKnownFileType = sourcecode.c.c; path = lsp.c; sourceTree = "<group>"; };
		909FF8851DCC49EE004C1F2C /* lsp.h */ = {isa = PBXFileReference; fileEncoding = 4; lastKnownFileType = sourcecode.c.h; path = lsp.h; sourceTree = "<group>"; };
		909FF8861DCC49EE004C1F2C /* lsp_bfin.h */ = {isa = PBXFileReference; fileEncoding = 4; lastKnownFileType = sourcecode.c.h; path = lsp_bfin.h; sourceTree = "<group>"; };
		909FF8871DCC49EE004C1F2C /* lsp_tables_nb.c */ = {isa = PBXFileReference; fileEncoding = 4; lastKnownFileType = sourcecode.c.c; path = lsp_tables_nb.c; sourceTree = "<group>"; };
		909FF8881DCC49EE004C1F2C /* ltp.c */ = {isa = PBXFileReference; fileEncoding = 4; lastKnownFileType = sourcecode.c.c; path = ltp.c; sourceTree = "<group>"; };
		909FF8891DCC49EE004C1F2C /* ltp.h */ = {isa = PBXFileReference; fileEncoding = 4; lastKnownFileType = sourcecode.c.h; path = ltp.h; sourceTree = "<group>"; };
		909FF88A1DCC49EE004C1F2C /* ltp_arm4.h */ = {isa = PBXFileReference; fileEncoding = 4; lastKnownFileType = sourcecode.c.h; path = ltp_arm4.h; sourceTree = "<group>"; };
		909FF88B1DCC49EE004C1F2C /* ltp_bfin.h */ = {isa = PBXFileReference; fileEncoding = 4; lastKnownFileType = sourcecode.c.h; path = ltp_bfin.h; sourceTree = "<group>"; };
		909FF88C1DCC49EE004C1F2C /* ltp_sse.h */ = {isa = PBXFileReference; fileEncoding = 4; lastKnownFileType = sourcecode.c.h; path = ltp_sse.h; sourceTree = "<group>"; };
		909FF88D1DCC49EE004C1F2C /* math_approx.h */ = {isa = PBXFileReference; fileEncoding = 4; lastKnownFileType = sourcecode.c.h; path = math_approx.h; sourceTree = "<group>"; };
		909FF88E1DCC49EE004C1F2C /* mdf.c */ = {isa = PBXFileReference; fileEncoding = 4; lastKnownFileType = sourcecode.c.c; path = mdf.c; sourceTree = "<group>"; };
		909FF88F1DCC49EE004C1F2C /* misc_bfin.h */ = {isa = PBXFileReference; fileEncoding = 4; lastKnownFileType = sourcecode.c.h; path = misc_bfin.h; sourceTree = "<group>"; };
		909FF8901DCC49EE004C1F2C /* modes.c */ = {isa = PBXFileReference; fileEncoding = 4; lastKnownFileType = sourcecode.c.c; path = modes.c; sourceTree = "<group>"; };
		909FF8911DCC49EE004C1F2C /* modes.h */ = {isa = PBXFileReference; fileEncoding = 4; lastKnownFileType = sourcecode.c.h; path = modes.h; sourceTree = "<group>"; };
		909FF8921DCC49EE004C1F2C /* modes_wb.c */ = {isa = PBXFileReference; fileEncoding = 4; lastKnownFileType = sourcecode.c.c; path = modes_wb.c; sourceTree = "<group>"; };
		909FF8931DCC49EE004C1F2C /* nb_celp.c */ = {isa = PBXFileReference; fileEncoding = 4; lastKnownFileType = sourcecode.c.c; path = nb_celp.c; sourceTree = "<group>"; };
		909FF8941DCC49EE004C1F2C /* nb_celp.h */ = {isa = PBXFileReference; fileEncoding = 4; lastKnownFileType = sourcecode.c.h; path = nb_celp.h; sourceTree = "<group>"; };
		909FF8951DCC49EE004C1F2C /* os_support.h */ = {isa = PBXFileReference; fileEncoding = 4; lastKnownFileType = sourcecode.c.h; path = os_support.h; sourceTree = "<group>"; };
		909FF8961DCC49EE004C1F2C /* preprocess.c */ = {isa = PBXFileReference; fileEncoding = 4; lastKnownFileType = sourcecode.c.c; path = preprocess.c; sourceTree = "<group>"; };
		909FF8971DCC49EE004C1F2C /* pseudofloat.h */ = {isa = PBXFileReference; fileEncoding = 4; lastKnownFileType = sourcecode.c.h; path = pseudofloat.h; sourceTree = "<group>"; };
		909FF8981DCC49EE004C1F2C /* quant_lsp.c */ = {isa = PBXFileReference; fileEncoding = 4; lastKnownFileType = sourcecode.c.c; path = quant_lsp.c; sourceTree = "<group>"; };
		909FF8991DCC49EE004C1F2C /* quant_lsp.h */ = {isa = PBXFileReference; fileEncoding = 4; lastKnownFileType = sourcecode.c.h; path = quant_lsp.h; sourceTree = "<group>"; };
		909FF89A1DCC49EE004C1F2C /* quant_lsp_bfin.h */ = {isa = PBXFileReference; fileEncoding = 4; lastKnownFileType = sourcecode.c.h; path = quant_lsp_bfin.h; sourceTree = "<group>"; };
		909FF89B1DCC49EE004C1F2C /* resample.c */ = {isa = PBXFileReference; fileEncoding = 4; lastKnownFileType = sourcecode.c.c; path = resample.c; sourceTree = "<group>"; };
		909FF89C1DCC49EE004C1F2C /* resample_sse.h */ = {isa = PBXFileReference; fileEncoding = 4; lastKnownFileType = sourcecode.c.h; path = resample_sse.h; sourceTree = "<group>"; };
		909FF89D1DCC49EE004C1F2C /* sb_celp.c */ = {isa = PBXFileReference; fileEncoding = 4; lastKnownFileType = sourcecode.c.c; path = sb_celp.c; sourceTree = "<group>"; };
		909FF89E1DCC49EE004C1F2C /* sb_celp.h */ = {isa = PBXFileReference; fileEncoding = 4; lastKnownFileType = sourcecode.c.h; path = sb_celp.h; sourceTree = "<group>"; };
		909FF89F1DCC49EE004C1F2C /* scal.c */ = {isa = PBXFileReference; fileEncoding = 4; lastKnownFileType = sourcecode.c.c; path = scal.c; sourceTree = "<group>"; };
		909FF8A01DCC49EE004C1F2C /* smallft.c */ = {isa = PBXFileReference; fileEncoding = 4; lastKnownFileType = sourcecode.c.c; path = smallft.c; sourceTree = "<group>"; };
		909FF8A11DCC49EE004C1F2C /* smallft.h */ = {isa = PBXFileReference; fileEncoding = 4; lastKnownFileType = sourcecode.c.h; path = smallft.h; sourceTree = "<group>"; };
		909FF8A31DCC49EE004C1F2C /* speex.h */ = {isa = PBXFileReference; fileEncoding = 4; lastKnownFileType = sourcecode.c.h; path = speex.h; sourceTree = "<group>"; };
		909FF8A41DCC49EE004C1F2C /* speex_bits.h */ = {isa = PBXFileReference; fileEncoding = 4; lastKnownFileType = sourcecode.c.h; path = speex_bits.h; sourceTree = "<group>"; };
		909FF8A51DCC49EE004C1F2C /* speex_buffer.h */ = {isa = PBXFileReference; fileEncoding = 4; lastKnownFileType = sourcecode.c.h; path = speex_buffer.h; sourceTree = "<group>"; };
		909FF8A61DCC49EE004C1F2C /* speex_callbacks.h */ = {isa = PBXFileReference; fileEncoding = 4; lastKnownFileType = sourcecode.c.h; path = speex_callbacks.h; sourceTree = "<group>"; };
		909FF8A71DCC49EE004C1F2C /* speex_config_types.h */ = {isa = PBXFileReference; fileEncoding = 4; lastKnownFileType = sourcecode.c.h; path = speex_config_types.h; sourceTree = "<group>"; };
		909FF8A81DCC49EE004C1F2C /* speex_config_types.h.in */ = {isa = PBXFileReference; fileEncoding = 4; lastKnownFileType = text; path = speex_config_types.h.in; sourceTree = "<group>"; };
		909FF8A91DCC49EE004C1F2C /* speex_echo.h */ = {isa = PBXFileReference; fileEncoding = 4; lastKnownFileType = sourcecode.c.h; path = speex_echo.h; sourceTree = "<group>"; };
		909FF8AA1DCC49EE004C1F2C /* speex_header.h */ = {isa = PBXFileReference; fileEncoding = 4; lastKnownFileType = sourcecode.c.h; path = speex_header.h; sourceTree = "<group>"; };
		909FF8AB1DCC49EE004C1F2C /* speex_jitter.h */ = {isa = PBXFileReference; fileEncoding = 4; lastKnownFileType = sourcecode.c.h; path = speex_jitter.h; sourceTree = "<group>"; };
		909FF8AC1DCC49EE004C1F2C /* speex_preprocess.h */ = {isa = PBXFileReference; fileEncoding = 4; lastKnownFileType = sourcecode.c.h; path = speex_preprocess.h; sourceTree = "<group>"; };
		909FF8AD1DCC49EE004C1F2C /* speex_resampler.h */ = {isa = PBXFileReference; fileEncoding = 4; lastKnownFileType = sourcecode.c.h; path = speex_resampler.h; sourceTree = "<group>"; };
		909FF8AE1DCC49EE004C1F2C /* speex_stereo.h */ = {isa = PBXFileReference; fileEncoding = 4; lastKnownFileType = sourcecode.c.h; path = speex_stereo.h; sourceTree = "<group>"; };
		909FF8AF1DCC49EE004C1F2C /* speex_types.h */ = {isa = PBXFileReference; fileEncoding = 4; lastKnownFileType = sourcecode.c.h; path = speex_types.h; sourceTree = "<group>"; };
		909FF8B01DCC49EE004C1F2C /* speex.c */ = {isa = PBXFileReference; fileEncoding = 4; lastKnownFileType = sourcecode.c.c; path = speex.c; sourceTree = "<group>"; };
		909FF8B11DCC49EE004C1F2C /* speex_callbacks.c */ = {isa = PBXFileReference; fileEncoding = 4; lastKnownFileType = sourcecode.c.c; path = speex_callbacks.c; sourceTree = "<group>"; };
		909FF8B21DCC49EE004C1F2C /* speex_header.c */ = {isa = PBXFileReference; fileEncoding = 4; lastKnownFileType = sourcecode.c.c; path = speex_header.c; sourceTree = "<group>"; };
		909FF8B31DCC49EE004C1F2C /* stack_alloc.h */ = {isa = PBXFileReference; fileEncoding = 4; lastKnownFileType = sourcecode.c.h; path = stack_alloc.h; sourceTree = "<group>"; };
		909FF8B41DCC49EE004C1F2C /* stereo.c */ = {isa = PBXFileReference; fileEncoding = 4; lastKnownFileType = sourcecode.c.c; path = stereo.c; sourceTree = "<group>"; };
		909FF8BB1DCC49EE004C1F2C /* vbr.c */ = {isa = PBXFileReference; fileEncoding = 4; lastKnownFileType = sourcecode.c.c; path = vbr.c; sourceTree = "<group>"; };
		909FF8BC1DCC49EE004C1F2C /* vbr.h */ = {isa = PBXFileReference; fileEncoding = 4; lastKnownFileType = sourcecode.c.h; path = vbr.h; sourceTree = "<group>"; };
		909FF8BD1DCC49EE004C1F2C /* vorbis_psy.h */ = {isa = PBXFileReference; fileEncoding = 4; lastKnownFileType = sourcecode.c.h; path = vorbis_psy.h; sourceTree = "<group>"; };
		909FF8BE1DCC49EE004C1F2C /* vq.c */ = {isa = PBXFileReference; fileEncoding = 4; lastKnownFileType = sourcecode.c.c; path = vq.c; sourceTree = "<group>"; };
		909FF8BF1DCC49EE004C1F2C /* vq.h */ = {isa = PBXFileReference; fileEncoding = 4; lastKnownFileType = sourcecode.c.h; path = vq.h; sourceTree = "<group>"; };
		909FF8C01DCC49EE004C1F2C /* vq_arm4.h */ = {isa = PBXFileReference; fileEncoding = 4; lastKnownFileType = sourcecode.c.h; path = vq_arm4.h; sourceTree = "<group>"; };
		909FF8C11DCC49EE004C1F2C /* vq_bfin.h */ = {isa = PBXFileReference; fileEncoding = 4; lastKnownFileType = sourcecode.c.h; path = vq_bfin.h; sourceTree = "<group>"; };
		909FF8C21DCC49EE004C1F2C /* vq_sse.h */ = {isa = PBXFileReference; fileEncoding = 4; lastKnownFileType = sourcecode.c.h; path = vq_sse.h; sourceTree = "<group>"; };
		909FF8C31DCC49EE004C1F2C /* window.c */ = {isa = PBXFileReference; fileEncoding = 4; lastKnownFileType = sourcecode.c.c; path = window.c; sourceTree = "<group>"; };
		909FFA4D1DCC525D004C1F2C /* HTThreadSafetyArray.h */ = {isa = PBXFileReference; fileEncoding = 4; lastKnownFileType = sourcecode.c.h; path = HTThreadSafetyArray.h; sourceTree = "<group>"; };
		909FFA4E1DCC525D004C1F2C /* HTThreadSafetyArray.m */ = {isa = PBXFileReference; fileEncoding = 4; lastKnownFileType = sourcecode.c.objc; path = HTThreadSafetyArray.m; sourceTree = "<group>"; };
		90A907DD1DD419C700B1B733 /* HTEchoCanceller.h */ = {isa = PBXFileReference; fileEncoding = 4; lastKnownFileType = sourcecode.c.h; path = HTEchoCanceller.h; sourceTree = "<group>"; };
		90A907DE1DD419C700B1B733 /* HTEchoCanceller.m */ = {isa = PBXFileReference; fileEncoding = 4; lastKnownFileType = sourcecode.c.objc; path = HTEchoCanceller.m; sourceTree = "<group>"; };
		991363960ACD86D99ABCCB0D /* Pods-JingDianTongYouKe.release.xcconfig */ = {isa = PBXFileReference; includeInIndex = 1; lastKnownFileType = text.xcconfig; name = "Pods-JingDianTongYouKe.release.xcconfig"; path = "Pods/Target Support Files/Pods-JingDianTongYouKe/Pods-JingDianTongYouKe.release.xcconfig"; sourceTree = "<group>"; };
/* End PBXFileReference section */

/* Begin PBXFrameworksBuildPhase section */
		903C91021D3000F5000EAF08 /* Frameworks */ = {
			isa = PBXFrameworksBuildPhase;
			buildActionMask = 2147483647;
			files = (
				909BD13C1DC71F55005F540D /* CoreAudio.framework in Frameworks */,
				909BD13A1DC71F4F005F540D /* AudioToolbox.framework in Frameworks */,
				909BD1381DC71F48005F540D /* AVFoundation.framework in Frameworks */,
				909BD1361DC71F01005F540D /* libstdc++.tbd in Frameworks */,
				4B9F4565ED9BAFA8B4248B55 /* libPods-JingDianTongYouKe.a in Frameworks */,
			);
			runOnlyForDeploymentPostprocessing = 0;
		};
/* End PBXFrameworksBuildPhase section */

/* Begin PBXGroup section */
		48923F0210C6A13987023C8A /* Frameworks */ = {
			isa = PBXGroup;
			children = (
				909BD13B1DC71F55005F540D /* CoreAudio.framework */,
				909BD1391DC71F4F005F540D /* AudioToolbox.framework */,
				909BD1371DC71F48005F540D /* AVFoundation.framework */,
				909BD1351DC71F01005F540D /* libstdc++.tbd */,
				0262812812DB2C20EF25B76B /* libPods-JingDianTongYouKe.a */,
			);
			name = Frameworks;
			sourceTree = "<group>";
		};
		903C90FC1D3000F5000EAF08 = {
			isa = PBXGroup;
			children = (
				903C91071D3000F5000EAF08 /* JingDianTongYouKe */,
				903C91061D3000F5000EAF08 /* Products */,
				E471C106CBEA699EAF60C82C /* Pods */,
				48923F0210C6A13987023C8A /* Frameworks */,
			);
			sourceTree = "<group>";
		};
		903C91061D3000F5000EAF08 /* Products */ = {
			isa = PBXGroup;
			children = (
				903C91051D3000F5000EAF08 /* JingDianTongYouKe.app */,
			);
			name = Products;
			sourceTree = "<group>";
		};
		903C91071D3000F5000EAF08 /* JingDianTongYouKe */ = {
			isa = PBXGroup;
			children = (
				909A04DA1DD2C7A700817EC1 /* Common */,
				909FF8501DCC49EE004C1F2C /* Libs */,
				90AC645F1D3351F20020CB76 /* Class */,
				903C910B1D3000F5000EAF08 /* AppDelegate.h */,
				903C910C1D3000F5000EAF08 /* AppDelegate.m */,
				903C910E1D3000F5000EAF08 /* ViewController.h */,
				903C910F1D3000F5000EAF08 /* ViewController.m */,
				909FF8351DCC2253004C1F2C /* View */,
				909FF8341DCC222C004C1F2C /* Resourses */,
				903C91081D3000F5000EAF08 /* Supporting Files */,
			);
			path = JingDianTongYouKe;
			sourceTree = "<group>";
		};
		903C91081D3000F5000EAF08 /* Supporting Files */ = {
			isa = PBXGroup;
			children = (
				909BD1301DC71B8A005F540D /* OggSpeex-Prefix.pch */,
				903C91091D3000F5000EAF08 /* main.m */,
			);
			name = "Supporting Files";
			sourceTree = "<group>";
		};
		9054B1ED1DD2F17C00D30E17 /* Echo */ = {
			isa = PBXGroup;
			children = (
				90A907DD1DD419C700B1B733 /* HTEchoCanceller.h */,
				90A907DE1DD419C700B1B733 /* HTEchoCanceller.m */,
			);
			name = Echo;
			sourceTree = "<group>";
		};
		909A04DA1DD2C7A700817EC1 /* Common */ = {
			isa = PBXGroup;
			children = (
			);
			name = Common;
			sourceTree = "<group>";
		};
		909FF8341DCC222C004C1F2C /* Resourses */ = {
			isa = PBXGroup;
			children = (
				903C91191D3000F5000EAF08 /* Info.plist */,
				903C91141D3000F5000EAF08 /* Assets.xcassets */,
			);
			name = Resourses;
			sourceTree = "<group>";
		};
		909FF8351DCC2253004C1F2C /* View */ = {
			isa = PBXGroup;
			children = (
				9054B1F41DD31CA600D30E17 /* HTShowStatusView.h */,
				9054B1F51DD31CA600D30E17 /* HTShowStatusView.m */,
				904B5B441DD03F9D00C01D8A /* Main.storyboard */,
				903C91161D3000F5000EAF08 /* LaunchScreen.storyboard */,
				904B5B421DD024FF00C01D8A /* ViewController.xib */,
			);
			name = View;
			sourceTree = "<group>";
		};
		909FF8481DCC4965004C1F2C /* Codec */ = {
			isa = PBXGroup;
			children = (
				909FF84B1DCC4965004C1F2C /* SpeexAllHeaders.h */,
				909FF8491DCC4965004C1F2C /* HTSpeexCodec.h */,
				909FF84A1DCC4965004C1F2C /* HTSpeexCodec.m */,
			);
			path = Codec;
			sourceTree = "<group>";
		};
		909FF8501DCC49EE004C1F2C /* Libs */ = {
			isa = PBXGroup;
			children = (
				909FF8511DCC49EE004C1F2C /* config.h */,
				909FF8521DCC49EE004C1F2C /* libogg */,
				909FF8581DCC49EE004C1F2C /* libspeex */,
			);
			path = Libs;
			sourceTree = "<group>";
		};
		909FF8521DCC49EE004C1F2C /* libogg */ = {
			isa = PBXGroup;
			children = (
				909FF8531DCC49EE004C1F2C /* bitwise.c */,
				909FF8541DCC49EE004C1F2C /* framing.c */,
				909FF8551DCC49EE004C1F2C /* ogg */,
			);
			path = libogg;
			sourceTree = "<group>";
		};
		909FF8551DCC49EE004C1F2C /* ogg */ = {
			isa = PBXGroup;
			children = (
				909FF8561DCC49EE004C1F2C /* ogg.h */,
				909FF8571DCC49EE004C1F2C /* os_types.h */,
			);
			path = ogg;
			sourceTree = "<group>";
		};
		909FF8581DCC49EE004C1F2C /* libspeex */ = {
			isa = PBXGroup;
			children = (
				909FF8A21DCC49EE004C1F2C /* speex */,
				909FF8591DCC49EE004C1F2C /* _kiss_fft_guts.h */,
				909FF85A1DCC49EE004C1F2C /* arch.h */,
				909FF85B1DCC49EE004C1F2C /* bits.c */,
				909FF85C1DCC49EE004C1F2C /* buffer.c */,
				909FF85D1DCC49EE004C1F2C /* cb_search.c */,
				909FF85E1DCC49EE004C1F2C /* cb_search.h */,
				909FF85F1DCC49EE004C1F2C /* cb_search_arm4.h */,
				909FF8601DCC49EE004C1F2C /* cb_search_bfin.h */,
				909FF8611DCC49EE004C1F2C /* cb_search_sse.h */,
				909FF8631DCC49EE004C1F2C /* exc_10_16_table.c */,
				909FF8641DCC49EE004C1F2C /* exc_10_32_table.c */,
				909FF8651DCC49EE004C1F2C /* exc_20_32_table.c */,
				909FF8661DCC49EE004C1F2C /* exc_5_256_table.c */,
				909FF8671DCC49EE004C1F2C /* exc_5_64_table.c */,
				909FF8681DCC49EE004C1F2C /* exc_8_128_table.c */,
				909FF8691DCC49EE004C1F2C /* fftwrap.c */,
				909FF86A1DCC49EE004C1F2C /* fftwrap.h */,
				909FF86B1DCC49EE004C1F2C /* filterbank.c */,
				909FF86C1DCC49EE004C1F2C /* filterbank.h */,
				909FF86D1DCC49EE004C1F2C /* filters.c */,
				909FF86E1DCC49EE004C1F2C /* filters.h */,
				909FF86F1DCC49EE004C1F2C /* filters_arm4.h */,
				909FF8701DCC49EE004C1F2C /* filters_bfin.h */,
				909FF8711DCC49EE004C1F2C /* filters_sse.h */,
				909FF8721DCC49EE004C1F2C /* fixed_arm4.h */,
				909FF8731DCC49EE004C1F2C /* fixed_arm5e.h */,
				909FF8741DCC49EE004C1F2C /* fixed_bfin.h */,
				909FF8751DCC49EE004C1F2C /* fixed_debug.h */,
				909FF8761DCC49EE004C1F2C /* fixed_generic.h */,
				909FF8771DCC49EE004C1F2C /* gain_table.c */,
				909FF8781DCC49EE004C1F2C /* gain_table_lbr.c */,
				909FF8791DCC49EE004C1F2C /* hexc_10_32_table.c */,
				909FF87A1DCC49EE004C1F2C /* hexc_table.c */,
				909FF87B1DCC49EE004C1F2C /* high_lsp_tables.c */,
				909FF87C1DCC49EE004C1F2C /* jitter.c */,
				909FF87D1DCC49EE004C1F2C /* kiss_fft.c */,
				909FF87E1DCC49EE004C1F2C /* kiss_fft.h */,
				909FF87F1DCC49EE004C1F2C /* kiss_fftr.c */,
				909FF8801DCC49EE004C1F2C /* kiss_fftr.h */,
				909FF8811DCC49EE004C1F2C /* lpc.c */,
				909FF8821DCC49EE004C1F2C /* lpc.h */,
				909FF8831DCC49EE004C1F2C /* lpc_bfin.h */,
				909FF8841DCC49EE004C1F2C /* lsp.c */,
				909FF8851DCC49EE004C1F2C /* lsp.h */,
				909FF8861DCC49EE004C1F2C /* lsp_bfin.h */,
				909FF8871DCC49EE004C1F2C /* lsp_tables_nb.c */,
				909FF8881DCC49EE004C1F2C /* ltp.c */,
				909FF8891DCC49EE004C1F2C /* ltp.h */,
				909FF88A1DCC49EE004C1F2C /* ltp_arm4.h */,
				909FF88B1DCC49EE004C1F2C /* ltp_bfin.h */,
				909FF88C1DCC49EE004C1F2C /* ltp_sse.h */,
				909FF88D1DCC49EE004C1F2C /* math_approx.h */,
				909FF88E1DCC49EE004C1F2C /* mdf.c */,
				909FF88F1DCC49EE004C1F2C /* misc_bfin.h */,
				909FF8901DCC49EE004C1F2C /* modes.c */,
				909FF8911DCC49EE004C1F2C /* modes.h */,
				909FF8921DCC49EE004C1F2C /* modes_wb.c */,
				909FF8931DCC49EE004C1F2C /* nb_celp.c */,
				909FF8941DCC49EE004C1F2C /* nb_celp.h */,
				909FF8951DCC49EE004C1F2C /* os_support.h */,
				909FF8961DCC49EE004C1F2C /* preprocess.c */,
				909FF8971DCC49EE004C1F2C /* pseudofloat.h */,
				909FF8981DCC49EE004C1F2C /* quant_lsp.c */,
				909FF8991DCC49EE004C1F2C /* quant_lsp.h */,
				909FF89A1DCC49EE004C1F2C /* quant_lsp_bfin.h */,
				909FF89B1DCC49EE004C1F2C /* resample.c */,
				909FF89C1DCC49EE004C1F2C /* resample_sse.h */,
				909FF89D1DCC49EE004C1F2C /* sb_celp.c */,
				909FF89E1DCC49EE004C1F2C /* sb_celp.h */,
				909FF89F1DCC49EE004C1F2C /* scal.c */,
				909FF8A01DCC49EE004C1F2C /* smallft.c */,
				909FF8A11DCC49EE004C1F2C /* smallft.h */,
				909FF8B01DCC49EE004C1F2C /* speex.c */,
				909FF8B11DCC49EE004C1F2C /* speex_callbacks.c */,
				909FF8B21DCC49EE004C1F2C /* speex_header.c */,
				909FF8B31DCC49EE004C1F2C /* stack_alloc.h */,
				909FF8B41DCC49EE004C1F2C /* stereo.c */,
				909FF8BB1DCC49EE004C1F2C /* vbr.c */,
				909FF8BC1DCC49EE004C1F2C /* vbr.h */,
				909FF8BD1DCC49EE004C1F2C /* vorbis_psy.h */,
				909FF8BE1DCC49EE004C1F2C /* vq.c */,
				909FF8BF1DCC49EE004C1F2C /* vq.h */,
				909FF8C01DCC49EE004C1F2C /* vq_arm4.h */,
				909FF8C11DCC49EE004C1F2C /* vq_bfin.h */,
				909FF8C21DCC49EE004C1F2C /* vq_sse.h */,
				909FF8C31DCC49EE004C1F2C /* window.c */,
			);
			path = libspeex;
			sourceTree = "<group>";
		};
		909FF8A21DCC49EE004C1F2C /* speex */ = {
			isa = PBXGroup;
			children = (
				909FF8A31DCC49EE004C1F2C /* speex.h */,
				909FF8A41DCC49EE004C1F2C /* speex_bits.h */,
				909FF8A51DCC49EE004C1F2C /* speex_buffer.h */,
				909FF8A61DCC49EE004C1F2C /* speex_callbacks.h */,
				909FF8A71DCC49EE004C1F2C /* speex_config_types.h */,
				909FF8A81DCC49EE004C1F2C /* speex_config_types.h.in */,
				909FF8A91DCC49EE004C1F2C /* speex_echo.h */,
				909FF8AA1DCC49EE004C1F2C /* speex_header.h */,
				909FF8AB1DCC49EE004C1F2C /* speex_jitter.h */,
				909FF8AC1DCC49EE004C1F2C /* speex_preprocess.h */,
				909FF8AD1DCC49EE004C1F2C /* speex_resampler.h */,
				909FF8AE1DCC49EE004C1F2C /* speex_stereo.h */,
				909FF8AF1DCC49EE004C1F2C /* speex_types.h */,
			);
			path = speex;
			sourceTree = "<group>";
		};
		90AC645F1D3351F20020CB76 /* Class */ = {
			isa = PBXGroup;
			children = (
				9054B1ED1DD2F17C00D30E17 /* Echo */,
				909FF8481DCC4965004C1F2C /* Codec */,
				909FFA4D1DCC525D004C1F2C /* HTThreadSafetyArray.h */,
				909FFA4E1DCC525D004C1F2C /* HTThreadSafetyArray.m */,
				90443E9B1D585464005D91CE /* HTPlayer.h */,
				90443E9C1D585464005D91CE /* HTPlayer.m */,
			);
			path = Class;
			sourceTree = "<group>";
		};
		E471C106CBEA699EAF60C82C /* Pods */ = {
			isa = PBXGroup;
			children = (
				0AE511E3A80B9A7C88DFC4C6 /* Pods-JingDianTongYouKe.debug.xcconfig */,
				991363960ACD86D99ABCCB0D /* Pods-JingDianTongYouKe.release.xcconfig */,
			);
			name = Pods;
			sourceTree = "<group>";
		};
/* End PBXGroup section */

/* Begin PBXNativeTarget section */
		903C91041D3000F5000EAF08 /* JingDianTongYouKe */ = {
			isa = PBXNativeTarget;
			buildConfigurationList = 903C911C1D3000F5000EAF08 /* Build configuration list for PBXNativeTarget "JingDianTongYouKe" */;
			buildPhases = (
				50E304ECB395EE44BDC22996 /* [CP] Check Pods Manifest.lock */,
				903C91011D3000F5000EAF08 /* Sources */,
				903C91021D3000F5000EAF08 /* Frameworks */,
				903C91031D3000F5000EAF08 /* Resources */,
				E7333F19CD16A4B645803EEC /* [CP] Embed Pods Frameworks */,
				CF0471FD4E4D4DE58B99B6B5 /* [CP] Copy Pods Resources */,
			);
			buildRules = (
			);
			dependencies = (
			);
			name = JingDianTongYouKe;
			productName = JingDianTongYouKe;
			productReference = 903C91051D3000F5000EAF08 /* JingDianTongYouKe.app */;
			productType = "com.apple.product-type.application";
		};
/* End PBXNativeTarget section */

/* Begin PBXProject section */
		903C90FD1D3000F5000EAF08 /* Project object */ = {
			isa = PBXProject;
			attributes = {
				LastUpgradeCheck = 0800;
				ORGANIZATIONNAME = huatengIOT;
				TargetAttributes = {
					903C91041D3000F5000EAF08 = {
						CreatedOnToolsVersion = 7.3.1;
						DevelopmentTeam = 2Z7NL663JA;
					};
				};
			};
			buildConfigurationList = 903C91001D3000F5000EAF08 /* Build configuration list for PBXProject "JingDianTongYouKe" */;
			compatibilityVersion = "Xcode 3.2";
			developmentRegion = English;
			hasScannedForEncodings = 0;
			knownRegions = (
				en,
				Base,
			);
			mainGroup = 903C90FC1D3000F5000EAF08;
			productRefGroup = 903C91061D3000F5000EAF08 /* Products */;
			projectDirPath = "";
			projectRoot = "";
			targets = (
				903C91041D3000F5000EAF08 /* JingDianTongYouKe */,
			);
		};
/* End PBXProject section */

/* Begin PBXResourcesBuildPhase section */
		903C91031D3000F5000EAF08 /* Resources */ = {
			isa = PBXResourcesBuildPhase;
			buildActionMask = 2147483647;
			files = (
				904B5B431DD024FF00C01D8A /* ViewController.xib in Resources */,
				904B5B461DD03F9D00C01D8A /* Main.storyboard in Resources */,
				909FF8E91DCC49EF004C1F2C /* speex_config_types.h.in in Resources */,
				903C91181D3000F5000EAF08 /* LaunchScreen.storyboard in Resources */,
				903C91151D3000F5000EAF08 /* Assets.xcassets in Resources */,
			);
			runOnlyForDeploymentPostprocessing = 0;
		};
/* End PBXResourcesBuildPhase section */

/* Begin PBXShellScriptBuildPhase section */
		50E304ECB395EE44BDC22996 /* [CP] Check Pods Manifest.lock */ = {
			isa = PBXShellScriptBuildPhase;
			buildActionMask = 2147483647;
			files = (
			);
			inputPaths = (
			);
			name = "[CP] Check Pods Manifest.lock";
			outputPaths = (
			);
			runOnlyForDeploymentPostprocessing = 0;
			shellPath = /bin/sh;
			shellScript = "diff \"${PODS_ROOT}/../Podfile.lock\" \"${PODS_ROOT}/Manifest.lock\" > /dev/null\nif [[ $? != 0 ]] ; then\n    cat << EOM\nerror: The sandbox is not in sync with the Podfile.lock. Run 'pod install' or update your CocoaPods installation.\nEOM\n    exit 1\nfi\n";
			showEnvVarsInLog = 0;
		};
		CF0471FD4E4D4DE58B99B6B5 /* [CP] Copy Pods Resources */ = {
			isa = PBXShellScriptBuildPhase;
			buildActionMask = 2147483647;
			files = (
			);
			inputPaths = (
			);
			name = "[CP] Copy Pods Resources";
			outputPaths = (
			);
			runOnlyForDeploymentPostprocessing = 0;
			shellPath = /bin/sh;
			shellScript = "\"${SRCROOT}/Pods/Target Support Files/Pods-JingDianTongYouKe/Pods-JingDianTongYouKe-resources.sh\"\n";
			showEnvVarsInLog = 0;
		};
		E7333F19CD16A4B645803EEC /* [CP] Embed Pods Frameworks */ = {
			isa = PBXShellScriptBuildPhase;
			buildActionMask = 2147483647;
			files = (
			);
			inputPaths = (
			);
			name = "[CP] Embed Pods Frameworks";
			outputPaths = (
			);
			runOnlyForDeploymentPostprocessing = 0;
			shellPath = /bin/sh;
			shellScript = "\"${SRCROOT}/Pods/Target Support Files/Pods-JingDianTongYouKe/Pods-JingDianTongYouKe-frameworks.sh\"\n";
			showEnvVarsInLog = 0;
		};
/* End PBXShellScriptBuildPhase section */

/* Begin PBXSourcesBuildPhase section */
		903C91011D3000F5000EAF08 /* Sources */ = {
			isa = PBXSourcesBuildPhase;
			buildActionMask = 2147483647;
			files = (
				909FF8DE1DCC49EF004C1F2C /* ltp.c in Sources */,
				90A907DF1DD419C700B1B733 /* HTEchoCanceller.m in Sources */,
				9054B1F61DD31CA600D30E17 /* HTShowStatusView.m in Sources */,
				909FF8D21DCC49EF004C1F2C /* filters.c in Sources */,
				90443E9D1D585464005D91CE /* HTPlayer.m in Sources */,
				909FF8D01DCC49EF004C1F2C /* fftwrap.c in Sources */,
				909FF8E51DCC49EF004C1F2C /* resample.c in Sources */,
				909FF8DB1DCC49EF004C1F2C /* lpc.c in Sources */,
				909FF8DF1DCC49EF004C1F2C /* mdf.c in Sources */,
				909FF8C61DCC49EF004C1F2C /* bits.c in Sources */,
				909FF8CE1DCC49EF004C1F2C /* exc_5_64_table.c in Sources */,
				909FF8EA1DCC49EF004C1F2C /* speex.c in Sources */,
				909FF8D41DCC49EF004C1F2C /* gain_table_lbr.c in Sources */,
				909FF8CC1DCC49EF004C1F2C /* exc_20_32_table.c in Sources */,
				909FF84E1DCC4965004C1F2C /* HTSpeexCodec.m in Sources */,
				909FF8E31DCC49EF004C1F2C /* preprocess.c in Sources */,
				909FF8D91DCC49EF004C1F2C /* kiss_fft.c in Sources */,
				909FF8E21DCC49EF004C1F2C /* nb_celp.c in Sources */,
				909FF8F61DCC49EF004C1F2C /* window.c in Sources */,
				909FF8D31DCC49EF004C1F2C /* gain_table.c in Sources */,
				909FF8C71DCC49EF004C1F2C /* buffer.c in Sources */,
				903C91101D3000F5000EAF08 /* ViewController.m in Sources */,
				909FF8E81DCC49EF004C1F2C /* smallft.c in Sources */,
				909FF8D61DCC49EF004C1F2C /* hexc_table.c in Sources */,
				909FF8CA1DCC49EF004C1F2C /* exc_10_16_table.c in Sources */,
				909FF8E61DCC49EF004C1F2C /* sb_celp.c in Sources */,
				909FF8D81DCC49EF004C1F2C /* jitter.c in Sources */,
				909FF8C81DCC49EF004C1F2C /* cb_search.c in Sources */,
				909FF8F51DCC49EF004C1F2C /* vq.c in Sources */,
				909FF8E11DCC49EF004C1F2C /* modes_wb.c in Sources */,
				909FFA4F1DCC525D004C1F2C /* HTThreadSafetyArray.m in Sources */,
				909FF8D51DCC49EF004C1F2C /* hexc_10_32_table.c in Sources */,
				909FF8D11DCC49EF004C1F2C /* filterbank.c in Sources */,
				909FF8DA1DCC49EF004C1F2C /* kiss_fftr.c in Sources */,
				909FF8CF1DCC49EF004C1F2C /* exc_8_128_table.c in Sources */,
				909FF8D71DCC49EF004C1F2C /* high_lsp_tables.c in Sources */,
				909FF8E41DCC49EF004C1F2C /* quant_lsp.c in Sources */,
				909FF8CD1DCC49EF004C1F2C /* exc_5_256_table.c in Sources */,
				909FF8DD1DCC49EF004C1F2C /* lsp_tables_nb.c in Sources */,
				909FF8EB1DCC49EF004C1F2C /* speex_callbacks.c in Sources */,
				909FF8F41DCC49EF004C1F2C /* vbr.c in Sources */,
				909FF8E01DCC49EF004C1F2C /* modes.c in Sources */,
				909FF8CB1DCC49EF004C1F2C /* exc_10_32_table.c in Sources */,
				909FF8E71DCC49EF004C1F2C /* scal.c in Sources */,
				909FF8EC1DCC49EF004C1F2C /* speex_header.c in Sources */,
				903C910D1D3000F5000EAF08 /* AppDelegate.m in Sources */,
				903C910A1D3000F5000EAF08 /* main.m in Sources */,
				909FF8ED1DCC49EF004C1F2C /* stereo.c in Sources */,
				909FF8DC1DCC49EF004C1F2C /* lsp.c in Sources */,
				909FF8C51DCC49EF004C1F2C /* framing.c in Sources */,
				909FF8C41DCC49EE004C1F2C /* bitwise.c in Sources */,
			);
			runOnlyForDeploymentPostprocessing = 0;
		};
/* End PBXSourcesBuildPhase section */

/* Begin PBXVariantGroup section */
		903C91161D3000F5000EAF08 /* LaunchScreen.storyboard */ = {
			isa = PBXVariantGroup;
			children = (
				903C91171D3000F5000EAF08 /* Base */,
			);
			name = LaunchScreen.storyboard;
			sourceTree = "<group>";
		};
		904B5B441DD03F9D00C01D8A /* Main.storyboard */ = {
			isa = PBXVariantGroup;
			children = (
				904B5B451DD03F9D00C01D8A /* Base */,
			);
			name = Main.storyboard;
			sourceTree = "<group>";
		};
/* End PBXVariantGroup section */

/* Begin XCBuildConfiguration section */
		903C911A1D3000F5000EAF08 /* Debug */ = {
			isa = XCBuildConfiguration;
			buildSettings = {
				ALWAYS_SEARCH_USER_PATHS = NO;
				CLANG_ANALYZER_NONNULL = YES;
				CLANG_CXX_LANGUAGE_STANDARD = "gnu++0x";
				CLANG_CXX_LIBRARY = "libc++";
				CLANG_ENABLE_MODULES = YES;
				CLANG_ENABLE_OBJC_ARC = YES;
				CLANG_WARN_BOOL_CONVERSION = YES;
				CLANG_WARN_CONSTANT_CONVERSION = YES;
				CLANG_WARN_DIRECT_OBJC_ISA_USAGE = YES_ERROR;
				CLANG_WARN_EMPTY_BODY = YES;
				CLANG_WARN_ENUM_CONVERSION = YES;
				CLANG_WARN_INFINITE_RECURSION = YES;
				CLANG_WARN_INT_CONVERSION = YES;
				CLANG_WARN_OBJC_ROOT_CLASS = YES_ERROR;
				CLANG_WARN_SUSPICIOUS_MOVE = YES;
				CLANG_WARN_UNREACHABLE_CODE = YES;
				CLANG_WARN__DUPLICATE_METHOD_MATCH = YES;
				"CODE_SIGN_IDENTITY[sdk=iphoneos*]" = "iPhone Developer";
				COPY_PHASE_STRIP = NO;
				DEBUG_INFORMATION_FORMAT = dwarf;
				ENABLE_BITCODE = NO;
				ENABLE_STRICT_OBJC_MSGSEND = YES;
				ENABLE_TESTABILITY = YES;
				GCC_C_LANGUAGE_STANDARD = gnu99;
				GCC_DYNAMIC_NO_PIC = NO;
				GCC_NO_COMMON_BLOCKS = YES;
				GCC_OPTIMIZATION_LEVEL = 0;
				GCC_PREPROCESSOR_DEFINITIONS = (
					"DEBUG=1",
					"$(inherited)",
				);
				GCC_WARN_64_TO_32_BIT_CONVERSION = YES;
				GCC_WARN_ABOUT_RETURN_TYPE = YES_ERROR;
				GCC_WARN_UNDECLARED_SELECTOR = YES;
				GCC_WARN_UNINITIALIZED_AUTOS = YES_AGGRESSIVE;
				GCC_WARN_UNUSED_FUNCTION = YES;
				GCC_WARN_UNUSED_VARIABLE = YES;
				IPHONEOS_DEPLOYMENT_TARGET = 9.3;
				MTL_ENABLE_DEBUG_INFO = YES;
				ONLY_ACTIVE_ARCH = YES;
				SDKROOT = iphoneos;
			};
			name = Debug;
		};
		903C911B1D3000F5000EAF08 /* Release */ = {
			isa = XCBuildConfiguration;
			buildSettings = {
				ALWAYS_SEARCH_USER_PATHS = NO;
				CLANG_ANALYZER_NONNULL = YES;
				CLANG_CXX_LANGUAGE_STANDARD = "gnu++0x";
				CLANG_CXX_LIBRARY = "libc++";
				CLANG_ENABLE_MODULES = YES;
				CLANG_ENABLE_OBJC_ARC = YES;
				CLANG_WARN_BOOL_CONVERSION = YES;
				CLANG_WARN_CONSTANT_CONVERSION = YES;
				CLANG_WARN_DIRECT_OBJC_ISA_USAGE = YES_ERROR;
				CLANG_WARN_EMPTY_BODY = YES;
				CLANG_WARN_ENUM_CONVERSION = YES;
				CLANG_WARN_INFINITE_RECURSION = YES;
				CLANG_WARN_INT_CONVERSION = YES;
				CLANG_WARN_OBJC_ROOT_CLASS = YES_ERROR;
				CLANG_WARN_SUSPICIOUS_MOVE = YES;
				CLANG_WARN_UNREACHABLE_CODE = YES;
				CLANG_WARN__DUPLICATE_METHOD_MATCH = YES;
				"CODE_SIGN_IDENTITY[sdk=iphoneos*]" = "iPhone Developer";
				COPY_PHASE_STRIP = NO;
				DEBUG_INFORMATION_FORMAT = "dwarf-with-dsym";
				ENABLE_BITCODE = NO;
				ENABLE_NS_ASSERTIONS = NO;
				ENABLE_STRICT_OBJC_MSGSEND = YES;
				GCC_C_LANGUAGE_STANDARD = gnu99;
				GCC_NO_COMMON_BLOCKS = YES;
				GCC_WARN_64_TO_32_BIT_CONVERSION = YES;
				GCC_WARN_ABOUT_RETURN_TYPE = YES_ERROR;
				GCC_WARN_UNDECLARED_SELECTOR = YES;
				GCC_WARN_UNINITIALIZED_AUTOS = YES_AGGRESSIVE;
				GCC_WARN_UNUSED_FUNCTION = YES;
				GCC_WARN_UNUSED_VARIABLE = YES;
				IPHONEOS_DEPLOYMENT_TARGET = 9.3;
				MTL_ENABLE_DEBUG_INFO = NO;
				SDKROOT = iphoneos;
				VALIDATE_PRODUCT = YES;
			};
			name = Release;
		};
		903C911D1D3000F5000EAF08 /* Debug */ = {
			isa = XCBuildConfiguration;
			baseConfigurationReference = 0AE511E3A80B9A7C88DFC4C6 /* Pods-JingDianTongYouKe.debug.xcconfig */;
			buildSettings = {
				ASSETCATALOG_COMPILER_APPICON_NAME = AppIcon;
				DEVELOPMENT_TEAM = 2Z7NL663JA;
				GCC_PREPROCESSOR_DEFINITIONS = "";
				INFOPLIST_FILE = JingDianTongYouKe/Info.plist;
				IPHONEOS_DEPLOYMENT_TARGET = 8.0;
				LD_RUNPATH_SEARCH_PATHS = "$(inherited) @executable_path/Frameworks";
				LIBRARY_SEARCH_PATHS = "$(inherited)";
				OTHER_LDFLAGS = "$(inherited)";
				PODS_ROOT = "$(inherited)";
				PRODUCT_BUNDLE_IDENTIFIER = com.huatengIOT.JingDianTongYouKe;
				PRODUCT_NAME = "$(TARGET_NAME)";
			};
			name = Debug;
		};
		903C911E1D3000F5000EAF08 /* Release */ = {
			isa = XCBuildConfiguration;
			baseConfigurationReference = 991363960ACD86D99ABCCB0D /* Pods-JingDianTongYouKe.release.xcconfig */;
			buildSettings = {
				ASSETCATALOG_COMPILER_APPICON_NAME = AppIcon;
				DEVELOPMENT_TEAM = 2Z7NL663JA;
				GCC_PREPROCESSOR_DEFINITIONS = "";
				INFOPLIST_FILE = JingDianTongYouKe/Info.plist;
				IPHONEOS_DEPLOYMENT_TARGET = 8.0;
				LD_RUNPATH_SEARCH_PATHS = "$(inherited) @executable_path/Frameworks";
				LIBRARY_SEARCH_PATHS = "$(inherited)";
				OTHER_LDFLAGS = "$(inherited)";
				PODS_ROOT = "$(inherited)";
				PRODUCT_BUNDLE_IDENTIFIER = com.huatengIOT.JingDianTongYouKe;
				PRODUCT_NAME = "$(TARGET_NAME)";
			};
			name = Release;
		};
/* End XCBuildConfiguration section */

/* Begin XCConfigurationList section */
		903C91001D3000F5000EAF08 /* Build configuration list for PBXProject "JingDianTongYouKe" */ = {
			isa = XCConfigurationList;
			buildConfigurations = (
				903C911A1D3000F5000EAF08 /* Debug */,
				903C911B1D3000F5000EAF08 /* Release */,
			);
			defaultConfigurationIsVisible = 0;
			defaultConfigurationName = Release;
		};
		903C911C1D3000F5000EAF08 /* Build configuration list for PBXNativeTarget "JingDianTongYouKe" */ = {
			isa = XCConfigurationList;
			buildConfigurations = (
				903C911D1D3000F5000EAF08 /* Debug */,
				903C911E1D3000F5000EAF08 /* Release */,
			);
			defaultConfigurationIsVisible = 0;
			defaultConfigurationName = Release;
		};
/* End XCConfigurationList section */
	};
	rootObject = 903C90FD1D3000F5000EAF08 /* Project object */;
}
